
Microsoft Visual Studio Solution File, Format Version 12.00
# Visual Studio 15
VisualStudioVersion = 15.0.27130.2027
MinimumVisualStudioVersion = 10.0.40219.1
Project("{FAE04EC0-301F-11D3-BF4B-00C04F79EFBC}") = "DMSUpdateManager", "DMSUpdateManager.csproj", "{B73956E0-79D8-478A-BB5C-02B4E330049C}"
EndProject
Global
	GlobalSection(SolutionConfigurationPlatforms) = preSolution
		Debug|Any CPU = Debug|Any CPU
		Release|Any CPU = Release|Any CPU
	EndGlobalSection
	GlobalSection(ProjectConfigurationPlatforms) = postSolution
		{B73956E0-79D8-478A-BB5C-02B4E330049C}.Debug|Any CPU.ActiveCfg = Debug|Any CPU
		{B73956E0-79D8-478A-BB5C-02B4E330049C}.Debug|Any CPU.Build.0 = Debug|Any CPU
		{B73956E0-79D8-478A-BB5C-02B4E330049C}.Release|Any CPU.ActiveCfg = Release|Any CPU
		{B73956E0-79D8-478A-BB5C-02B4E330049C}.Release|Any CPU.Build.0 = Release|Any CPU
	EndGlobalSection
	GlobalSection(SolutionProperties) = preSolution
		HideSolutionNode = FALSE
	EndGlobalSection
	GlobalSection(ExtensibilityGlobals) = postSolution
		SolutionGuid = {91D9CD17-DC96-4AF3-8EA1-76B108621C9B}
	EndGlobalSection
EndGlobal
